
Microsoft Visual Studio Solution File, Format Version 12.00
Project("{FAE04EC0-301F-11D3-BF4B-00C04F79EFBC}") = "LibraryManagement", "LibraryManagement\LibraryManagement.csproj", "{6F426C88-4794-4600-B543-26E497C55C3F}"
EndProject
Project("{2150E333-8FDC-42A3-9474-1A3956D46DE8}") = "Solution Items", "Solution Items", "{700A2508-D90C-4492-B22D-6025A85B6F9F}"
	ProjectSection(SolutionItems) = preProject
		compose.yaml = compose.yaml
	EndProjectSection
EndProject
Global
	GlobalSection(SolutionConfigurationPlatforms) = preSolution
		Debug|Any CPU = Debug|Any CPU
		Release|Any CPU = Release|Any CPU
	EndGlobalSection
	GlobalSection(ProjectConfigurationPlatforms) = postSolution
		{6F426C88-4794-4600-B543-26E497C55C3F}.Debug|Any CPU.ActiveCfg = Debug|Any CPU
		{6F426C88-4794-4600-B543-26E497C55C3F}.Debug|Any CPU.Build.0 = Debug|Any CPU
		{6F426C88-4794-4600-B543-26E497C55C3F}.Release|Any CPU.ActiveCfg = Release|Any CPU
		{6F426C88-4794-4600-B543-26E497C55C3F}.Release|Any CPU.Build.0 = Release|Any CPU
	EndGlobalSection
EndGlobal
